
Microsoft Visual Studio Solution File, Format Version 12.00
# Visual Studio Version 17
VisualStudioVersion = 17.1.32228.430
MinimumVisualStudioVersion = 10.0.40219.1
Project("{54A90642-561A-4BB1-A94E-469ADEE60C69}") = "weather", "weather\weather.esproj", "{601910F1-1FCC-40B0-A031-192818243719}"
EndProject
Project("{FAE04EC0-301F-11D3-BF4B-00C04F79EFBC}") = "Api", "Api\Api.csproj", "{84C00531-0EB0-4A7C-A0C2-E37614126233}"
EndProject
Project("{FAE04EC0-301F-11D3-BF4B-00C04F79EFBC}") = "Infrastructure", "Infrastructure\Infrastructure.csproj", "{C0DACA90-945C-4CA1-82C6-4DCB203E7DB1}"
EndProject
Project("{FAE04EC0-301F-11D3-BF4B-00C04F79EFBC}") = "Models", "Models\Models.csproj", "{2344A584-CB48-4AB3-A3C6-838B661D4C1A}"
EndProject
Global
	GlobalSection(SolutionConfigurationPlatforms) = preSolution
		Debug|Any CPU = Debug|Any CPU
		Release|Any CPU = Release|Any CPU
	EndGlobalSection
	GlobalSection(ProjectConfigurationPlatforms) = postSolution
		{601910F1-1FCC-40B0-A031-192818243719}.Debug|Any CPU.ActiveCfg = Debug|Any CPU
		{601910F1-1FCC-40B0-A031-192818243719}.Debug|Any CPU.Build.0 = Debug|Any CPU
		{601910F1-1FCC-40B0-A031-192818243719}.Debug|Any CPU.Deploy.0 = Debug|Any CPU
		{601910F1-1FCC-40B0-A031-192818243719}.Release|Any CPU.ActiveCfg = Release|Any CPU
		{601910F1-1FCC-40B0-A031-192818243719}.Release|Any CPU.Build.0 = Release|Any CPU
		{601910F1-1FCC-40B0-A031-192818243719}.Release|Any CPU.Deploy.0 = Release|Any CPU
		{84C00531-0EB0-4A7C-A0C2-E37614126233}.Debug|Any CPU.ActiveCfg = Debug|Any CPU
		{84C00531-0EB0-4A7C-A0C2-E37614126233}.Debug|Any CPU.Build.0 = Debug|Any CPU
		{84C00531-0EB0-4A7C-A0C2-E37614126233}.Release|Any CPU.ActiveCfg = Release|Any CPU
		{84C00531-0EB0-4A7C-A0C2-E37614126233}.Release|Any CPU.Build.0 = Release|Any CPU
		{C0DACA90-945C-4CA1-82C6-4DCB203E7DB1}.Debug|Any CPU.ActiveCfg = Debug|Any CPU
		{C0DACA90-945C-4CA1-82C6-4DCB203E7DB1}.Debug|Any CPU.Build.0 = Debug|Any CPU
		{C0DACA90-945C-4CA1-82C6-4DCB203E7DB1}.Release|Any CPU.ActiveCfg = Release|Any CPU
		{C0DACA90-945C-4CA1-82C6-4DCB203E7DB1}.Release|Any CPU.Build.0 = Release|Any CPU
		{2344A584-CB48-4AB3-A3C6-838B661D4C1A}.Debug|Any CPU.ActiveCfg = Debug|Any CPU
		{2344A584-CB48-4AB3-A3C6-838B661D4C1A}.Debug|Any CPU.Build.0 = Debug|Any CPU
		{2344A584-CB48-4AB3-A3C6-838B661D4C1A}.Release|Any CPU.ActiveCfg = Release|Any CPU
		{2344A584-CB48-4AB3-A3C6-838B661D4C1A}.Release|Any CPU.Build.0 = Release|Any CPU
	EndGlobalSection
	GlobalSection(SolutionProperties) = preSolution
		HideSolutionNode = FALSE
	EndGlobalSection
	GlobalSection(ExtensibilityGlobals) = postSolution
		SolutionGuid = {A76D4C22-6DE8-4311-9C87-3350BCB28874}
	EndGlobalSection
EndGlobal
